// !$*UTF8*$!
{
	archiveVersion = 1;
	classes = {
	};
	objectVersion = 50;
	objects = {

/* Begin PBXBuildFile section */
		D4183FA925C99AC100EB97BF /* AppDelegate.swift in Sources */ = {isa = PBXBuildFile; fileRef = D4183FA825C99AC100EB97BF /* AppDelegate.swift */; };
		D4183FAB25C99AC100EB97BF /* SceneDelegate.swift in Sources */ = {isa = PBXBuildFile; fileRef = D4183FAA25C99AC100EB97BF /* SceneDelegate.swift */; };
		D4183FAD25C99AC100EB97BF /* MovieTableViewController.swift in Sources */ = {isa = PBXBuildFile; fileRef = D4183FAC25C99AC100EB97BF /* MovieTableViewController.swift */; };
		D4183FB025C99AC100EB97BF /* Main.storyboard in Resources */ = {isa = PBXBuildFile; fileRef = D4183FAE25C99AC100EB97BF /* Main.storyboard */; };
		D4183FB225C99ACA00EB97BF /* Assets.xcassets in Resources */ = {isa = PBXBuildFile; fileRef = D4183FB125C99ACA00EB97BF /* Assets.xcassets */; };
		D4183FB525C99ACA00EB97BF /* LaunchScreen.storyboard in Resources */ = {isa = PBXBuildFile; fileRef = D4183FB325C99ACA00EB97BF /* LaunchScreen.storyboard */; };
		D4183FBF25C99B8200EB97BF /* Movie.swift in Sources */ = {isa = PBXBuildFile; fileRef = D4183FBE25C99B8200EB97BF /* Movie.swift */; };
		D4183FC525C9C17A00EB97BF /* MovieTableViewCell.swift in Sources */ = {isa = PBXBuildFile; fileRef = D4183FC425C9C17A00EB97BF /* MovieTableViewCell.swift */; };
/* End PBXBuildFile section */

/* Begin PBXFileReference section */
		D4183FA525C99AC100EB97BF /* Meus filmes.app */ = {isa = PBXFileReference; explicitFileType = wrapper.application; includeInIndex = 0; path = "Meus filmes.app"; sourceTree = BUILT_PRODUCTS_DIR; };
		D4183FA825C99AC100EB97BF /* AppDelegate.swift */ = {isa = PBXFileReference; lastKnownFileType = sourcecode.swift; path = AppDelegate.swift; sourceTree = "<group>"; };
		D4183FAA25C99AC100EB97BF /* SceneDelegate.swift */ = {isa = PBXFileReference; lastKnownFileType = sourcecode.swift; path = SceneDelegate.swift; sourceTree = "<group>"; };
		D4183FAC25C99AC100EB97BF /* MovieTableViewController.swift */ = {isa = PBXFileReference; lastKnownFileType = sourcecode.swift; path = MovieTableViewController.swift; sourceTree = "<group>"; };
		D4183FAF25C99AC100EB97BF /* Base */ = {isa = PBXFileReference; lastKnownFileType = file.storyboard; name = Base; path = Base.lproj/Main.storyboard; sourceTree = "<group>"; };
		D4183FB125C99ACA00EB97BF /* Assets.xcassets */ = {isa = PBXFileReference; lastKnownFileType = folder.assetcatalog; path = Assets.xcassets; sourceTree = "<group>"; };
		D4183FB425C99ACA00EB97BF /* Base */ = {isa = PBXFileReference; lastKnownFileType = file.storyboard; name = Base; path = Base.lproj/LaunchScreen.storyboard; sourceTree = "<group>"; };
		D4183FB625C99ACA00EB97BF /* Info.plist */ = {isa = PBXFileReference; lastKnownFileType = text.plist.xml; path = Info.plist; sourceTree = "<group>"; };
		D4183FBE25C99B8200EB97BF /* Movie.swift */ = {isa = PBXFileReference; lastKnownFileType = sourcecode.swift; path = Movie.swift; sourceTree = "<group>"; };
		D4183FC425C9C17A00EB97BF /* MovieTableViewCell.swift */ = {isa = PBXFileReference; lastKnownFileType = sourcecode.swift; path = MovieTableViewCell.swift; sourceTree = "<group>"; };
/* End PBXFileReference section */

/* Begin PBXFrameworksBuildPhase section */
		D4183FA225C99AC100EB97BF /* Frameworks */ = {
			isa = PBXFrameworksBuildPhase;
			buildActionMask = 2147483647;
			files = (
			);
			runOnlyForDeploymentPostprocessing = 0;
		};
/* End PBXFrameworksBuildPhase section */

/* Begin PBXGroup section */
		D4183F9C25C99AC100EB97BF = {
			isa = PBXGroup;
			children = (
				D4183FA725C99AC100EB97BF /* Meus filmes */,
				D4183FA625C99AC100EB97BF /* Products */,
			);
			sourceTree = "<group>";
		};
		D4183FA625C99AC100EB97BF /* Products */ = {
			isa = PBXGroup;
			children = (
				D4183FA525C99AC100EB97BF /* Meus filmes.app */,
			);
			name = Products;
			sourceTree = "<group>";
		};
		D4183FA725C99AC100EB97BF /* Meus filmes */ = {
			isa = PBXGroup;
			children = (
				D4183FC725C9C18F00EB97BF /* model */,
				D4183FC225C9C14900EB97BF /* controller */,
				D4183FA825C99AC100EB97BF /* AppDelegate.swift */,
				D4183FAA25C99AC100EB97BF /* SceneDelegate.swift */,
				D4183FAE25C99AC100EB97BF /* Main.storyboard */,
				D4183FB125C99ACA00EB97BF /* Assets.xcassets */,
				D4183FB325C99ACA00EB97BF /* LaunchScreen.storyboard */,
				D4183FB625C99ACA00EB97BF /* Info.plist */,
			);
			path = "Meus filmes";
			sourceTree = "<group>";
		};
		D4183FC225C9C14900EB97BF /* controller */ = {
			isa = PBXGroup;
			children = (
				D4183FC325C9C15300EB97BF /* cell */,
				D4183FAC25C99AC100EB97BF /* MovieTableViewController.swift */,
			);
			path = controller;
			sourceTree = "<group>";
		};
		D4183FC325C9C15300EB97BF /* cell */ = {
			isa = PBXGroup;
			children = (
				D4183FC425C9C17A00EB97BF /* MovieTableViewCell.swift */,
			);
			path = cell;
			sourceTree = "<group>";
		};
		D4183FC725C9C18F00EB97BF /* model */ = {
			isa = PBXGroup;
			children = (
				D4183FBE25C99B8200EB97BF /* Movie.swift */,
			);
			path = model;
			sourceTree = "<group>";
		};
/* End PBXGroup section */

/* Begin PBXNativeTarget section */
		D4183FA425C99AC100EB97BF /* Meus filmes */ = {
			isa = PBXNativeTarget;
			buildConfigurationList = D4183FB925C99ACA00EB97BF /* Build configuration list for PBXNativeTarget "Meus filmes" */;
			buildPhases = (
				D4183FA125C99AC100EB97BF /* Sources */,
				D4183FA225C99AC100EB97BF /* Frameworks */,
				D4183FA325C99AC100EB97BF /* Resources */,
			);
			buildRules = (
			);
			dependencies = (
			);
			name = "Meus filmes";
			productName = "Meus filmes";
			productReference = D4183FA525C99AC100EB97BF /* Meus filmes.app */;
			productType = "com.apple.product-type.application";
		};
/* End PBXNativeTarget section */

/* Begin PBXProject section */
		D4183F9D25C99AC100EB97BF /* Project object */ = {
			isa = PBXProject;
			attributes = {
				LastSwiftUpdateCheck = 1230;
				LastUpgradeCheck = 1230;
				TargetAttributes = {
					D4183FA425C99AC100EB97BF = {
						CreatedOnToolsVersion = 12.3;
					};
				};
			};
			buildConfigurationList = D4183FA025C99AC100EB97BF /* Build configuration list for PBXProject "Meus filmes" */;
			compatibilityVersion = "Xcode 9.3";
			developmentRegion = en;
			hasScannedForEncodings = 0;
			knownRegions = (
				en,
				Base,
			);
			mainGroup = D4183F9C25C99AC100EB97BF;
			productRefGroup = D4183FA625C99AC100EB97BF /* Products */;
			projectDirPath = "";
			projectRoot = "";
			targets = (
				D4183FA425C99AC100EB97BF /* Meus filmes */,
			);
		};
/* End PBXProject section */

/* Begin PBXResourcesBuildPhase section */
		D4183FA325C99AC100EB97BF /* Resources */ = {
			isa = PBXResourcesBuildPhase;
			buildActionMask = 2147483647;
			files = (
				D4183FB525C99ACA00EB97BF /* LaunchScreen.storyboard in Resources */,
				D4183FB225C99ACA00EB97BF /* Assets.xcassets in Resources */,
				D4183FB025C99AC100EB97BF /* Main.storyboard in Resources */,
			);
			runOnlyForDeploymentPostprocessing = 0;
		};
/* End PBXResourcesBuildPhase section */

/* Begin PBXSourcesBuildPhase section */
		D4183FA125C99AC100EB97BF /* Sources */ = {
			isa = PBXSourcesBuildPhase;
			buildActionMask = 2147483647;
			files = (
				D4183FC525C9C17A00EB97BF /* MovieTableViewCell.swift in Sources */,
				D4183FAD25C99AC100EB97BF /* MovieTableViewController.swift in Sources */,
				D4183FA925C99AC100EB97BF /* AppDelegate.swift in Sources */,
				D4183FBF25C99B8200EB97BF /* Movie.swift in Sources */,
				D4183FAB25C99AC100EB97BF /* SceneDelegate.swift in Sources */,
			);
			runOnlyForDeploymentPostprocessing = 0;
		};
/* End PBXSourcesBuildPhase section */

/* Begin PBXVariantGroup section */
		D4183FAE25C99AC100EB97BF /* Main.storyboard */ = {
			isa = PBXVariantGroup;
			children = (
				D4183FAF25C99AC100EB97BF /* Base */,
			);
			name = Main.storyboard;
			sourceTree = "<group>";
		};
		D4183FB325C99ACA00EB97BF /* LaunchScreen.storyboard */ = {
			isa = PBXVariantGroup;
			children = (
				D4183FB425C99ACA00EB97BF /* Base */,
			);
			name = LaunchScreen.storyboard;
			sourceTree = "<group>";
		};
/* End PBXVariantGroup section */

/* Begin XCBuildConfiguration section */
		D4183FB725C99ACA00EB97BF /* Debug */ = {
			isa = XCBuildConfiguration;
			buildSettings = {
				ALWAYS_SEARCH_USER_PATHS = NO;
				CLANG_ANALYZER_NONNULL = YES;
				CLANG_ANALYZER_NUMBER_OBJECT_CONVERSION = YES_AGGRESSIVE;
				CLANG_CXX_LANGUAGE_STANDARD = "gnu++14";
				CLANG_CXX_LIBRARY = "libc++";
				CLANG_ENABLE_MODULES = YES;
				CLANG_ENABLE_OBJC_ARC = YES;
				CLANG_ENABLE_OBJC_WEAK = YES;
				CLANG_WARN_BLOCK_CAPTURE_AUTORELEASING = YES;
				CLANG_WARN_BOOL_CONVERSION = YES;
				CLANG_WARN_COMMA = YES;
				CLANG_WARN_CONSTANT_CONVERSION = YES;
				CLANG_WARN_DEPRECATED_OBJC_IMPLEMENTATIONS = YES;
				CLANG_WARN_DIRECT_OBJC_ISA_USAGE = YES_ERROR;
				CLANG_WARN_DOCUMENTATION_COMMENTS = YES;
				CLANG_WARN_EMPTY_BODY = YES;
				CLANG_WARN_ENUM_CONVERSION = YES;
				CLANG_WARN_INFINITE_RECURSION = YES;
				CLANG_WARN_INT_CONVERSION = YES;
				CLANG_WARN_NON_LITERAL_NULL_CONVERSION = YES;
				CLANG_WARN_OBJC_IMPLICIT_RETAIN_SELF = YES;
				CLANG_WARN_OBJC_LITERAL_CONVERSION = YES;
				CLANG_WARN_OBJC_ROOT_CLASS = YES_ERROR;
				CLANG_WARN_QUOTED_INCLUDE_IN_FRAMEWORK_HEADER = YES;
				CLANG_WARN_RANGE_LOOP_ANALYSIS = YES;
				CLANG_WARN_STRICT_PROTOTYPES = YES;
				CLANG_WARN_SUSPICIOUS_MOVE = YES;
				CLANG_WARN_UNGUARDED_AVAILABILITY = YES_AGGRESSIVE;
				CLANG_WARN_UNREACHABLE_CODE = YES;
				CLANG_WARN__DUPLICATE_METHOD_MATCH = YES;
				COPY_PHASE_STRIP = NO;
				DEBUG_INFORMATION_FORMAT = dwarf;
				ENABLE_STRICT_OBJC_MSGSEND = YES;
				ENABLE_TESTABILITY = YES;
				GCC_C_LANGUAGE_STANDARD = gnu11;
				GCC_DYNAMIC_NO_PIC = NO;
				GCC_NO_COMMON_BLOCKS = YES;
				GCC_OPTIMIZATION_LEVEL = 0;
				GCC_PREPROCESSOR_DEFINITIONS = (
					"DEBUG=1",
					"$(inherited)",
				);
				GCC_WARN_64_TO_32_BIT_CONVERSION = YES;
				GCC_WARN_ABOUT_RETURN_TYPE = YES_ERROR;
				GCC_WARN_UNDECLARED_SELECTOR = YES;
				GCC_WARN_UNINITIALIZED_AUTOS = YES_AGGRESSIVE;
				GCC_WARN_UNUSED_FUNCTION = YES;
				GCC_WARN_UNUSED_VARIABLE = YES;
				IPHONEOS_DEPLOYMENT_TARGET = 14.3;
				MTL_ENABLE_DEBUG_INFO = INCLUDE_SOURCE;
				MTL_FAST_MATH = YES;
				ONLY_ACTIVE_ARCH = YES;
				SDKROOT = iphoneos;
				SWIFT_ACTIVE_COMPILATION_CONDITIONS = DEBUG;
				SWIFT_OPTIMIZATION_LEVEL = "-Onone";
			};
			name = Debug;
		};
		D4183FB825C99ACA00EB97BF /* Release */ = {
			isa = XCBuildConfiguration;
			buildSettings = {
				ALWAYS_SEARCH_USER_PATHS = NO;
				CLANG_ANALYZER_NONNULL = YES;
				CLANG_ANALYZER_NUMBER_OBJECT_CONVERSION = YES_AGGRESSIVE;
				CLANG_CXX_LANGUAGE_STANDARD = "gnu++14";
				CLANG_CXX_LIBRARY = "libc++";
				CLANG_ENABLE_MODULES = YES;
				CLANG_ENABLE_OBJC_ARC = YES;
				CLANG_ENABLE_OBJC_WEAK = YES;
				CLANG_WARN_BLOCK_CAPTURE_AUTORELEASING = YES;
				CLANG_WARN_BOOL_CONVERSION = YES;
				CLANG_WARN_COMMA = YES;
				CLANG_WARN_CONSTANT_CONVERSION = YES;
				CLANG_WARN_DEPRECATED_OBJC_IMPLEMENTATIONS = YES;
				CLANG_WARN_DIRECT_OBJC_ISA_USAGE = YES_ERROR;
				CLANG_WARN_DOCUMENTATION_COMMENTS = YES;
				CLANG_WARN_EMPTY_BODY = YES;
				CLANG_WARN_ENUM_CONVERSION = YES;
				CLANG_WARN_INFINITE_RECURSION = YES;
				CLANG_WARN_INT_CONVERSION = YES;
				CLANG_WARN_NON_LITERAL_NULL_CONVERSION = YES;
				CLANG_WARN_OBJC_IMPLICIT_RETAIN_SELF = YES;
				CLANG_WARN_OBJC_LITERAL_CONVERSION = YES;
				CLANG_WARN_OBJC_ROOT_CLASS = YES_ERROR;
				CLANG_WARN_QUOTED_INCLUDE_IN_FRAMEWORK_HEADER = YES;
				CLANG_WARN_RANGE_LOOP_ANALYSIS = YES;
				CLANG_WARN_STRICT_PROTOTYPES = YES;
				CLANG_WARN_SUSPICIOUS_MOVE = YES;
				CLANG_WARN_UNGUARDED_AVAILABILITY = YES_AGGRESSIVE;
				CLANG_WARN_UNREACHABLE_CODE = YES;
				CLANG_WARN__DUPLICATE_METHOD_MATCH = YES;
				COPY_PHASE_STRIP = NO;
				DEBUG_INFORMATION_FORMAT = "dwarf-with-dsym";
				ENABLE_NS_ASSERTIONS = NO;
				ENABLE_STRICT_OBJC_MSGSEND = YES;
				GCC_C_LANGUAGE_STANDARD = gnu11;
				GCC_NO_COMMON_BLOCKS = YES;
				GCC_WARN_64_TO_32_BIT_CONVERSION = YES;
				GCC_WARN_ABOUT_RETURN_TYPE = YES_ERROR;
				GCC_WARN_UNDECLARED_SELECTOR = YES;
				GCC_WARN_UNINITIALIZED_AUTOS = YES_AGGRESSIVE;
				GCC_WARN_UNUSED_FUNCTION = YES;
				GCC_WARN_UNUSED_VARIABLE = YES;
				IPHONEOS_DEPLOYMENT_TARGET = 14.3;
				MTL_ENABLE_DEBUG_INFO = NO;
				MTL_FAST_MATH = YES;
				SDKROOT = iphoneos;
				SWIFT_COMPILATION_MODE = wholemodule;
				SWIFT_OPTIMIZATION_LEVEL = "-O";
				VALIDATE_PRODUCT = YES;
			};
			name = Release;
		};
		D4183FBA25C99ACA00EB97BF /* Debug */ = {
			isa = XCBuildConfiguration;
			buildSettings = {
				ASSETCATALOG_COMPILER_APPICON_NAME = AppIcon;
				ASSETCATALOG_COMPILER_GLOBAL_ACCENT_COLOR_NAME = AccentColor;
				CODE_SIGN_STYLE = Automatic;
				INFOPLIST_FILE = "Meus filmes/Info.plist";
				LD_RUNPATH_SEARCH_PATHS = (
					"$(inherited)",
					"@executable_path/Frameworks",
				);
				PRODUCT_BUNDLE_IDENTIFIER = "Curso-IOS.Meus-filmes";
				PRODUCT_NAME = "$(TARGET_NAME)";
				SWIFT_VERSION = 5.0;
				TARGETED_DEVICE_FAMILY = "1,2";
			};
			name = Debug;
		};
		D4183FBB25C99ACA00EB97BF /* Release */ = {
			isa = XCBuildConfiguration;
			buildSettings = {
				ASSETCATALOG_COMPILER_APPICON_NAME = AppIcon;
				ASSETCATALOG_COMPILER_GLOBAL_ACCENT_COLOR_NAME = AccentColor;
				CODE_SIGN_STYLE = Automatic;
				INFOPLIST_FILE = "Meus filmes/Info.plist";
				LD_RUNPATH_SEARCH_PATHS = (
					"$(inherited)",
					"@executable_path/Frameworks",
				);
				PRODUCT_BUNDLE_IDENTIFIER = "Curso-IOS.Meus-filmes";
				PRODUCT_NAME = "$(TARGET_NAME)";
				SWIFT_VERSION = 5.0;
				TARGETED_DEVICE_FAMILY = "1,2";
			};
			name = Release;
		};
/* End XCBuildConfiguration section */

/* Begin XCConfigurationList section */
		D4183FA025C99AC100EB97BF /* Build configuration list for PBXProject "Meus filmes" */ = {
			isa = XCConfigurationList;
			buildConfigurations = (
				D4183FB725C99ACA00EB97BF /* Debug */,
				D4183FB825C99ACA00EB97BF /* Release */,
			);
			defaultConfigurationIsVisible = 0;
			defaultConfigurationName = Release;
		};
		D4183FB925C99ACA00EB97BF /* Build configuration list for PBXNativeTarget "Meus filmes" */ = {
			isa = XCConfigurationList;
			buildConfigurations = (
				D4183FBA25C99ACA00EB97BF /* Debug */,
				D4183FBB25C99ACA00EB97BF /* Release */,
			);
			defaultConfigurationIsVisible = 0;
			defaultConfigurationName = Release;
		};
/* End XCConfigurationList section */
	};
	rootObject = D4183F9D25C99AC100EB97BF /* Project object */;
}
